
Microsoft Visual Studio Solution File, Format Version 12.00
# Visual Studio Version 16
VisualStudioVersion = 16.0.30523.141
MinimumVisualStudioVersion = 10.0.40219.1
Project("{FAE04EC0-301F-11D3-BF4B-00C04F79EFBC}") = "authorization", "authorization\authorization.csproj", "{D51A21F3-F2F3-47D3-8A96-2C43FFEC9A30}"
EndProject
Global
	GlobalSection(SolutionConfigurationPlatforms) = preSolution
		Debug|Any CPU = Debug|Any CPU
		Release|Any CPU = Release|Any CPU
	EndGlobalSection
	GlobalSection(ProjectConfigurationPlatforms) = postSolution
		{D51A21F3-F2F3-47D3-8A96-2C43FFEC9A30}.Debug|Any CPU.ActiveCfg = Debug|Any CPU
		{D51A21F3-F2F3-47D3-8A96-2C43FFEC9A30}.Debug|Any CPU.Build.0 = Debug|Any CPU
		{D51A21F3-F2F3-47D3-8A96-2C43FFEC9A30}.Release|Any CPU.ActiveCfg = Release|Any CPU
		{D51A21F3-F2F3-47D3-8A96-2C43FFEC9A30}.Release|Any CPU.Build.0 = Release|Any CPU
	EndGlobalSection
	GlobalSection(SolutionProperties) = preSolution
		HideSolutionNode = FALSE
	EndGlobalSection
	GlobalSection(ExtensibilityGlobals) = postSolution
		SolutionGuid = {6935E3DE-9906-4FBA-9369-960E8FD0F22B}
	EndGlobalSection
EndGlobal
